
Microsoft Visual Studio Solution File, Format Version 12.00
# Visual Studio Version 16
VisualStudioVersion = 16.0.29519.87
MinimumVisualStudioVersion = 10.0.40219.1
Project("{FAE04EC0-301F-11D3-BF4B-00C04F79EFBC}") = "Exile.Mobile.Android", "Exile.Mobile\Exile.Mobile.Android\Exile.Mobile.Android.csproj", "{7CAEB9EE-F152-416B-B61F-0861DF8D3FA0}"
EndProject
Project("{FAE04EC0-301F-11D3-BF4B-00C04F79EFBC}") = "Exile.Mobile.iOS", "Exile.Mobile\Exile.Mobile.iOS\Exile.Mobile.iOS.csproj", "{D677DFDE-0FAE-4BD7-AF60-83EE51DFFB74}"
EndProject
Project("{FAE04EC0-301F-11D3-BF4B-00C04F79EFBC}") = "Exile.Mobile", "Exile.Mobile\Exile.Mobile\Exile.Mobile.csproj", "{AF93FD38-2116-4AFE-A000-FE7AD9F9CE58}"
EndProject
Global
	GlobalSection(SolutionConfigurationPlatforms) = preSolution
		Debug|Any CPU = Debug|Any CPU
		Debug|iPhone = Debug|iPhone
		Debug|iPhoneSimulator = Debug|iPhoneSimulator
		Release|Any CPU = Release|Any CPU
		Release|iPhone = Release|iPhone
		Release|iPhoneSimulator = Release|iPhoneSimulator
	EndGlobalSection
	GlobalSection(ProjectConfigurationPlatforms) = postSolution
		{7CAEB9EE-F152-416B-B61F-0861DF8D3FA0}.Debug|Any CPU.ActiveCfg = Debug|Any CPU
		{7CAEB9EE-F152-416B-B61F-0861DF8D3FA0}.Debug|Any CPU.Build.0 = Debug|Any CPU
		{7CAEB9EE-F152-416B-B61F-0861DF8D3FA0}.Debug|Any CPU.Deploy.0 = Debug|Any CPU
		{7CAEB9EE-F152-416B-B61F-0861DF8D3FA0}.Debug|iPhone.ActiveCfg = Debug|Any CPU
		{7CAEB9EE-F152-416B-B61F-0861DF8D3FA0}.Debug|iPhone.Build.0 = Debug|Any CPU
		{7CAEB9EE-F152-416B-B61F-0861DF8D3FA0}.Debug|iPhone.Deploy.0 = Debug|Any CPU
		{7CAEB9EE-F152-416B-B61F-0861DF8D3FA0}.Debug|iPhoneSimulator.ActiveCfg = Debug|Any CPU
		{7CAEB9EE-F152-416B-B61F-0861DF8D3FA0}.Debug|iPhoneSimulator.Build.0 = Debug|Any CPU
		{7CAEB9EE-F152-416B-B61F-0861DF8D3FA0}.Debug|iPhoneSimulator.Deploy.0 = Debug|Any CPU
		{7CAEB9EE-F152-416B-B61F-0861DF8D3FA0}.Release|Any CPU.ActiveCfg = Release|Any CPU
		{7CAEB9EE-F152-416B-B61F-0861DF8D3FA0}.Release|Any CPU.Build.0 = Release|Any CPU
		{7CAEB9EE-F152-416B-B61F-0861DF8D3FA0}.Release|Any CPU.Deploy.0 = Release|Any CPU
		{7CAEB9EE-F152-416B-B61F-0861DF8D3FA0}.Release|iPhone.ActiveCfg = Release|Any CPU
		{7CAEB9EE-F152-416B-B61F-0861DF8D3FA0}.Release|iPhone.Build.0 = Release|Any CPU
		{7CAEB9EE-F152-416B-B61F-0861DF8D3FA0}.Release|iPhone.Deploy.0 = Release|Any CPU
		{7CAEB9EE-F152-416B-B61F-0861DF8D3FA0}.Release|iPhoneSimulator.ActiveCfg = Release|Any CPU
		{7CAEB9EE-F152-416B-B61F-0861DF8D3FA0}.Release|iPhoneSimulator.Build.0 = Release|Any CPU
		{7CAEB9EE-F152-416B-B61F-0861DF8D3FA0}.Release|iPhoneSimulator.Deploy.0 = Release|Any CPU
		{D677DFDE-0FAE-4BD7-AF60-83EE51DFFB74}.Debug|Any CPU.ActiveCfg = Debug|iPhoneSimulator
		{D677DFDE-0FAE-4BD7-AF60-83EE51DFFB74}.Debug|Any CPU.Build.0 = Debug|iPhoneSimulator
		{D677DFDE-0FAE-4BD7-AF60-83EE51DFFB74}.Debug|Any CPU.Deploy.0 = Debug|iPhoneSimulator
		{D677DFDE-0FAE-4BD7-AF60-83EE51DFFB74}.Debug|iPhone.ActiveCfg = Debug|iPhone
		{D677DFDE-0FAE-4BD7-AF60-83EE51DFFB74}.Debug|iPhone.Build.0 = Debug|iPhone
		{D677DFDE-0FAE-4BD7-AF60-83EE51DFFB74}.Debug|iPhone.Deploy.0 = Debug|iPhone
		{D677DFDE-0FAE-4BD7-AF60-83EE51DFFB74}.Debug|iPhoneSimulator.ActiveCfg = Debug|iPhoneSimulator
		{D677DFDE-0FAE-4BD7-AF60-83EE51DFFB74}.Debug|iPhoneSimulator.Build.0 = Debug|iPhoneSimulator
		{D677DFDE-0FAE-4BD7-AF60-83EE51DFFB74}.Debug|iPhoneSimulator.Deploy.0 = Debug|iPhoneSimulator
		{D677DFDE-0FAE-4BD7-AF60-83EE51DFFB74}.Release|Any CPU.ActiveCfg = Release|iPhone
		{D677DFDE-0FAE-4BD7-AF60-83EE51DFFB74}.Release|Any CPU.Build.0 = Release|iPhone
		{D677DFDE-0FAE-4BD7-AF60-83EE51DFFB74}.Release|Any CPU.Deploy.0 = Release|iPhone
		{D677DFDE-0FAE-4BD7-AF60-83EE51DFFB74}.Release|iPhone.ActiveCfg = Release|iPhone
		{D677DFDE-0FAE-4BD7-AF60-83EE51DFFB74}.Release|iPhone.Build.0 = Release|iPhone
		{D677DFDE-0FAE-4BD7-AF60-83EE51DFFB74}.Release|iPhone.Deploy.0 = Release|iPhone
		{D677DFDE-0FAE-4BD7-AF60-83EE51DFFB74}.Release|iPhoneSimulator.ActiveCfg = Release|iPhoneSimulator
		{D677DFDE-0FAE-4BD7-AF60-83EE51DFFB74}.Release|iPhoneSimulator.Build.0 = Release|iPhoneSimulator
		{D677DFDE-0FAE-4BD7-AF60-83EE51DFFB74}.Release|iPhoneSimulator.Deploy.0 = Release|iPhoneSimulator
		{AF93FD38-2116-4AFE-A000-FE7AD9F9CE58}.Debug|Any CPU.ActiveCfg = Debug|Any CPU
		{AF93FD38-2116-4AFE-A000-FE7AD9F9CE58}.Debug|Any CPU.Build.0 = Debug|Any CPU
		{AF93FD38-2116-4AFE-A000-FE7AD9F9CE58}.Debug|Any CPU.Deploy.0 = Debug|Any CPU
		{AF93FD38-2116-4AFE-A000-FE7AD9F9CE58}.Debug|iPhone.ActiveCfg = Debug|Any CPU
		{AF93FD38-2116-4AFE-A000-FE7AD9F9CE58}.Debug|iPhone.Build.0 = Debug|Any CPU
		{AF93FD38-2116-4AFE-A000-FE7AD9F9CE58}.Debug|iPhone.Deploy.0 = Debug|Any CPU
		{AF93FD38-2116-4AFE-A000-FE7AD9F9CE58}.Debug|iPhoneSimulator.ActiveCfg = Debug|Any CPU
		{AF93FD38-2116-4AFE-A000-FE7AD9F9CE58}.Debug|iPhoneSimulator.Build.0 = Debug|Any CPU
		{AF93FD38-2116-4AFE-A000-FE7AD9F9CE58}.Debug|iPhoneSimulator.Deploy.0 = Debug|Any CPU
		{AF93FD38-2116-4AFE-A000-FE7AD9F9CE58}.Release|Any CPU.ActiveCfg = Release|Any CPU
		{AF93FD38-2116-4AFE-A000-FE7AD9F9CE58}.Release|Any CPU.Build.0 = Release|Any CPU
		{AF93FD38-2116-4AFE-A000-FE7AD9F9CE58}.Release|Any CPU.Deploy.0 = Release|Any CPU
		{AF93FD38-2116-4AFE-A000-FE7AD9F9CE58}.Release|iPhone.ActiveCfg = Release|Any CPU
		{AF93FD38-2116-4AFE-A000-FE7AD9F9CE58}.Release|iPhone.Build.0 = Release|Any CPU
		{AF93FD38-2116-4AFE-A000-FE7AD9F9CE58}.Release|iPhone.Deploy.0 = Release|Any CPU
		{AF93FD38-2116-4AFE-A000-FE7AD9F9CE58}.Release|iPhoneSimulator.ActiveCfg = Release|Any CPU
		{AF93FD38-2116-4AFE-A000-FE7AD9F9CE58}.Release|iPhoneSimulator.Build.0 = Release|Any CPU
		{AF93FD38-2116-4AFE-A000-FE7AD9F9CE58}.Release|iPhoneSimulator.Deploy.0 = Release|Any CPU
	EndGlobalSection
	GlobalSection(SolutionProperties) = preSolution
		HideSolutionNode = FALSE
	EndGlobalSection
	GlobalSection(ExtensibilityGlobals) = postSolution
		SolutionGuid = {98BE46AD-DF2E-4FD6-B4CA-7D87639A7AE3}
	EndGlobalSection
EndGlobal
